
Microsoft Visual Studio Solution File, Format Version 12.00
# Visual Studio Version 17
VisualStudioVersion = 17.0.31919.166
MinimumVisualStudioVersion = 10.0.40219.1
Project("{FAE04EC0-301F-11D3-BF4B-00C04F79EFBC}") = "MongoDBDemo", "MongoDBDemo\MongoDBDemo.csproj", "{5ABA36F7-775C-45BE-8017-B9C5CAD2B040}"
EndProject
Global
	GlobalSection(SolutionConfigurationPlatforms) = preSolution
		Debug|Any CPU = Debug|Any CPU
		Release|Any CPU = Release|Any CPU
	EndGlobalSection
	GlobalSection(ProjectConfigurationPlatforms) = postSolution
		{5ABA36F7-775C-45BE-8017-B9C5CAD2B040}.Debug|Any CPU.ActiveCfg = Debug|Any CPU
		{5ABA36F7-775C-45BE-8017-B9C5CAD2B040}.Debug|Any CPU.Build.0 = Debug|Any CPU
		{5ABA36F7-775C-45BE-8017-B9C5CAD2B040}.Release|Any CPU.ActiveCfg = Release|Any CPU
		{5ABA36F7-775C-45BE-8017-B9C5CAD2B040}.Release|Any CPU.Build.0 = Release|Any CPU
	EndGlobalSection
	GlobalSection(SolutionProperties) = preSolution
		HideSolutionNode = FALSE
	EndGlobalSection
	GlobalSection(ExtensibilityGlobals) = postSolution
		SolutionGuid = {06486086-AE98-4244-810D-D022E903DBD8}
	EndGlobalSection
EndGlobal
